<?xml version="1.0" encoding="utf-8"?>
<Project ToolsVersion="4.0" xmlns="http://schemas.microsoft.com/developer/msbuild/2003">
  <ItemGroup>
    <Filter Include="Source Files">
      <UniqueIdentifier>{4FC737F1-C7A5-4376-A066-2A32D752A2FF}</UniqueIdentifier>
      <Extensions>cpp;c;cc;cxx;c++;cppm;ixx;def;odl;idl;hpj;bat;asm;asmx</Extensions>
    </Filter>
    <Filter Include="Header Files">
      <UniqueIdentifier>{93995380-89BD-4b04-88EB-625FBE52EBFB}</UniqueIdentifier>
      <Extensions>h;hh;hpp;hxx;h++;hm;inl;inc;ipp;xsd</Extensions>
    </Filter>
    <Filter Include="Resource Files">
      <UniqueIdentifier>{67DA6AB6-F800-4c08-8B7A-83BB121AAD01}</UniqueIdentifier>
      <Extensions>rc;ico;cur;bmp;dlg;rc2;rct;bin;rgs;gif;jpg;jpeg;jpe;resx;tiff;tif;png;wav;mfcribbon-ms</Extensions>
    </Filter>
    <Filter Include="Header Files\facades">
      <UniqueIdentifier>{354ef31d-2ee8-4c21-b70e-eb2e8ae60dff}</UniqueIdentifier>
    </Filter>
    <Filter Include="Header Files\pageManaging">
      <UniqueIdentifier>{297cd85f-56f1-4e7d-bdbf-33f98271d657}</UniqueIdentifier>
    </Filter>
    <Filter Include="Source Files\pageManagers">
      <UniqueIdentifier>{142b8b91-b4a9-456d-af74-56915843dd52}</UniqueIdentifier>
    </Filter>
    <Filter Include="Source Files\tester">
      <UniqueIdentifier>{250c1e47-b27a-4dbd-b229-b5a29f5dfd68}</UniqueIdentifier>
    </Filter>
    <Filter Include="Header Files\widgets">
      <UniqueIdentifier>{7b638c81-de07-4e69-8ad7-7c9414d0f3cc}</UniqueIdentifier>
    </Filter>
    <Filter Include="Source Files\widgets">
      <UniqueIdentifier>{9afd8909-ae79-4f86-9bc3-b77b94b1f029}</UniqueIdentifier>
    </Filter>
    <Filter Include="Source Files\UI">
      <UniqueIdentifier>{85522e22-314d-49ba-a749-7e8afc9b87ec}</UniqueIdentifier>
    </Filter>
    <Filter Include="Source Files\UI\eventHandlers">
      <UniqueIdentifier>{9122ae38-86d6-4d17-b86c-fbac6ddae030}</UniqueIdentifier>
    </Filter>
    <Filter Include="Header Files\layouts">
      <UniqueIdentifier>{c7a8709d-22e5-4fdd-965a-c1d5ba5e5ef5}</UniqueIdentifier>
    </Filter>
    <Filter Include="Header Files\layoutsVirtual">
      <UniqueIdentifier>{2ccf5f38-62e9-4de4-9430-1b56353c6426}</UniqueIdentifier>
    </Filter>
  </ItemGroup>
  <ItemGroup>
    <ClCompile Include="main.cpp">
      <Filter>Source Files</Filter>
    </ClCompile>
    <ClCompile Include="UI.cpp">
      <Filter>Source Files</Filter>
    </ClCompile>
    <ClCompile Include="HorizontalSpacedBar.h">
      <Filter>Header Files</Filter>
    </ClCompile>
    <ClCompile Include="AnimationManager.h">
      <Filter>Header Files</Filter>
    </ClCompile>
    <ClCompile Include="CallBack.cpp">
      <Filter>Source Files</Filter>
    </ClCompile>
    <ClCompile Include="TreeNode.cpp">
      <Filter>Source Files</Filter>
    </ClCompile>
    <ClCompile Include="CenterAligner.cpp">
      <Filter>Source Files</Filter>
    </ClCompile>
    <ClCompile Include="BehaviourManager.cpp">
      <Filter>Source Files</Filter>
    </ClCompile>
    <ClCompile Include="page1.h">
      <Filter>Source Files\tester</Filter>
    </ClCompile>
    <ClCompile Include="Page.cpp">
      <Filter>Source Files\pageManagers</Filter>
    </ClCompile>
    <ClCompile Include="page2.cpp">
      <Filter>Source Files\tester</Filter>
    </ClCompile>
    <ClCompile Include="PageTypes.cpp">
      <Filter>Source Files\tester</Filter>
    </ClCompile>
    <ClCompile Include="TextButton.h">
      <Filter>Header Files\facades</Filter>
    </ClCompile>
    <ClCompile Include="Label.cpp">
      <Filter>Source Files\widgets</Filter>
    </ClCompile>
    <ClCompile Include="eventDispatchers.cpp">
      <Filter>Source Files\UI</Filter>
    </ClCompile>
    <ClCompile Include="mouse.cpp">
      <Filter>Source Files\UI\eventHandlers</Filter>
    </ClCompile>
    <ClCompile Include="VirtualBranch.h">
      <Filter>Header Files\layoutsVirtual</Filter>
    </ClCompile>
  </ItemGroup>
  <ItemGroup>
    <ClInclude Include="Box.h">
      <Filter>Header Files</Filter>
    </ClInclude>
    <ClInclude Include="TreeNode.h">
      <Filter>Header Files</Filter>
    </ClInclude>
    <ClInclude Include="UI.h">
      <Filter>Header Files</Filter>
    </ClInclude>
    <ClInclude Include="Branch.h">
      <Filter>Header Files</Filter>
    </ClInclude>
    <ClInclude Include="Leaf.h">
      <Filter>Header Files</Filter>
    </ClInclude>
    <ClInclude Include="Animation.h">
      <Filter>Header Files</Filter>
    </ClInclude>
    <ClInclude Include="EText.h">
      <Filter>Header Files</Filter>
    </ClInclude>
    <ClInclude Include="BehaviourManager.h">
      <Filter>Header Files</Filter>
    </ClInclude>
    <ClInclude Include="CallBack.h">
      <Filter>Header Files</Filter>
    </ClInclude>
    <ClInclude Include="ButtonFactory.h">
      <Filter>Header Files</Filter>
    </ClInclude>
    <ClInclude Include="CenterAligner.h">
      <Filter>Header Files</Filter>
    </ClInclude>
    <ClInclude Include="Properties.h">
      <Filter>Header Files</Filter>
    </ClInclude>
    <ClInclude Include="HorizontalProportionalSpacedBar.h">
      <Filter>Header Files</Filter>
    </ClInclude>
    <ClInclude Include="ColouredButton.h">
      <Filter>Header Files\facades</Filter>
    </ClInclude>
    <ClInclude Include="Facade.h">
      <Filter>Header Files\facades</Filter>
    </ClInclude>
    <ClInclude Include="TreeHolder.h">
      <Filter>Header Files\pageManaging</Filter>
    </ClInclude>
    <ClInclude Include="PageSwitcher.h">
      <Filter>Header Files\pageManaging</Filter>
    </ClInclude>
    <ClInclude Include="Page.h">
      <Filter>Header Files\pageManaging</Filter>
    </ClInclude>
    <ClInclude Include="resource.h">
      <Filter>Header Files</Filter>
    </ClInclude>
    <ClInclude Include="ColouredBox.h">
      <Filter>Header Files\widgets</Filter>
    </ClInclude>
    <ClInclude Include="Label.h">
      <Filter>Header Files\widgets</Filter>
    </ClInclude>
    <ClInclude Include="TextBox.h">
      <Filter>Header Files\widgets</Filter>
    </ClInclude>
    <ClInclude Include="main.h">
      <Filter>Header Files</Filter>
    </ClInclude>
    <ClInclude Include="ETextContainer.h">
      <Filter>Header Files</Filter>
    </ClInclude>
    <ClInclude Include="Vertical.h">
      <Filter>Header Files\layouts</Filter>
    </ClInclude>
    <ClInclude Include="Scroll.h">
      <Filter>Header Files</Filter>
    </ClInclude>
    <ClInclude Include="VirtualVertical.h">
      <Filter>Header Files\layoutsVirtual</Filter>
    </ClInclude>
  </ItemGroup>
  <ItemGroup>
    <Text Include="designChoices.txt" />
    <Text Include="explain.txt">
      <Filter>Header Files\facades</Filter>
    </Text>
  </ItemGroup>
  <ItemGroup>
    <None Include=".gitignore" />
  </ItemGroup>
  <ItemGroup>
    <ResourceCompile Include="UI.rc">
      <Filter>Resource Files</Filter>
    </ResourceCompile>
  </ItemGroup>
</Project>