<?xml version="1.0" encoding="utf-8"?>
<Project ToolsVersion="4.0" xmlns="http://schemas.microsoft.com/developer/msbuild/2003">
  <ItemGroup>
    <Filter Include="Source Files">
      <UniqueIdentifier>{4FC737F1-C7A5-4376-A066-2A32D752A2FF}</UniqueIdentifier>
      <Extensions>cpp;c;cc;cxx;c++;cppm;ixx;def;odl;idl;hpj;bat;asm;asmx</Extensions>
    </Filter>
    <Filter Include="Header Files">
      <UniqueIdentifier>{93995380-89BD-4b04-88EB-625FBE52EBFB}</UniqueIdentifier>
      <Extensions>h;hh;hpp;hxx;h++;hm;inl;inc;ipp;xsd</Extensions>
    </Filter>
    <Filter Include="Resource Files">
      <UniqueIdentifier>{67DA6AB6-F800-4c08-8B7A-83BB121AAD01}</UniqueIdentifier>
      <Extensions>rc;ico;cur;bmp;dlg;rc2;rct;bin;rgs;gif;jpg;jpeg;jpe;resx;tiff;tif;png;wav;mfcribbon-ms</Extensions>
    </Filter>
    <Filter Include="Header Files\facades">
      <UniqueIdentifier>{354ef31d-2ee8-4c21-b70e-eb2e8ae60dff}</UniqueIdentifier>
    </Filter>
    <Filter Include="Header Files\pageManaging">
      <UniqueIdentifier>{297cd85f-56f1-4e7d-bdbf-33f98271d657}</UniqueIdentifier>
    </Filter>
    <Filter Include="Source Files\pageManagers">
      <UniqueIdentifier>{142b8b91-b4a9-456d-af74-56915843dd52}</UniqueIdentifier>
    </Filter>
    <Filter Include="Header Files\widgets">
      <UniqueIdentifier>{7b638c81-de07-4e69-8ad7-7c9414d0f3cc}</UniqueIdentifier>
    </Filter>
    <Filter Include="Source Files\widgets">
      <UniqueIdentifier>{9afd8909-ae79-4f86-9bc3-b77b94b1f029}</UniqueIdentifier>
    </Filter>
    <Filter Include="Source Files\UI">
      <UniqueIdentifier>{85522e22-314d-49ba-a749-7e8afc9b87ec}</UniqueIdentifier>
    </Filter>
    <Filter Include="Source Files\UI\eventHandlers">
      <UniqueIdentifier>{9122ae38-86d6-4d17-b86c-fbac6ddae030}</UniqueIdentifier>
    </Filter>
    <Filter Include="Header Files\layouts">
      <UniqueIdentifier>{c7a8709d-22e5-4fdd-965a-c1d5ba5e5ef5}</UniqueIdentifier>
    </Filter>
    <Filter Include="Header Files\layoutsVirtual">
      <UniqueIdentifier>{2ccf5f38-62e9-4de4-9430-1b56353c6426}</UniqueIdentifier>
    </Filter>
    <Filter Include="Source Files\facades">
      <UniqueIdentifier>{dfb4834e-e2f5-4854-a327-4e27cb3a5b37}</UniqueIdentifier>
    </Filter>
    <Filter Include="Source Files\layouts">
      <UniqueIdentifier>{99245782-8c3c-465b-9c6d-f6d1838b8289}</UniqueIdentifier>
    </Filter>
    <Filter Include="Header Files\treeClasses">
      <UniqueIdentifier>{c202e4f2-f86b-4fa7-9991-553a46ce2fda}</UniqueIdentifier>
    </Filter>
    <Filter Include="Header Files\UI">
      <UniqueIdentifier>{d4d1e1ec-6349-4d07-8b2d-28bd97527ea7}</UniqueIdentifier>
    </Filter>
    <Filter Include="Header Files\layouts\horizontal">
      <UniqueIdentifier>{bee89718-9a72-4c4b-88d8-324d33a51c05}</UniqueIdentifier>
    </Filter>
    <Filter Include="Source Files\layouts\horizontal">
      <UniqueIdentifier>{d64f4a2d-cb49-4042-9326-6c6bebfec8fa}</UniqueIdentifier>
    </Filter>
    <Filter Include="Header Files\widgets\templates">
      <UniqueIdentifier>{653f7e2f-3c44-4345-9757-67dd4f3a2273}</UniqueIdentifier>
    </Filter>
    <Filter Include="Header Files\layouts\templates">
      <UniqueIdentifier>{06672706-3644-491e-8b84-a9cbb3bf32b8}</UniqueIdentifier>
    </Filter>
    <Filter Include="Documentation">
      <UniqueIdentifier>{0b8514fb-80fd-4556-847f-8be674c41fd0}</UniqueIdentifier>
    </Filter>
  </ItemGroup>
  <ItemGroup>
    <ClCompile Include="UI.cpp">
      <Filter>Source Files</Filter>
    </ClCompile>
    <ClCompile Include="TreeNode.cpp">
      <Filter>Source Files</Filter>
    </ClCompile>
    <ClCompile Include="CenterAligner.cpp">
      <Filter>Source Files</Filter>
    </ClCompile>
    <ClCompile Include="Page.cpp">
      <Filter>Source Files\pageManagers</Filter>
    </ClCompile>
    <ClCompile Include="Label.cpp">
      <Filter>Source Files\widgets</Filter>
    </ClCompile>
    <ClCompile Include="eventDispatchers.cpp">
      <Filter>Source Files\UI</Filter>
    </ClCompile>
    <ClCompile Include="mouse.cpp">
      <Filter>Source Files\UI\eventHandlers</Filter>
    </ClCompile>
    <ClCompile Include="EText.cpp">
      <Filter>Source Files</Filter>
    </ClCompile>
    <ClCompile Include="ColouredButton.cpp">
      <Filter>Source Files\facades</Filter>
    </ClCompile>
    <ClCompile Include="EvenList.cpp">
      <Filter>Source Files\layouts</Filter>
    </ClCompile>
    <ClCompile Include="Scroll.cpp">
      <Filter>Source Files</Filter>
    </ClCompile>
    <ClCompile Include="TextBox.cpp">
      <Filter>Source Files\widgets</Filter>
    </ClCompile>
    <ClCompile Include="PageSwitcher.cpp">
      <Filter>Source Files\pageManagers</Filter>
    </ClCompile>
    <ClCompile Include="SplitterHandle.cpp">
      <Filter>Source Files\layouts</Filter>
    </ClCompile>
    <ClCompile Include="HorizontalSplitter.cpp">
      <Filter>Source Files\layouts\horizontal</Filter>
    </ClCompile>
    <ClCompile Include="ReservedArea.cpp">
      <Filter>Source Files\layouts</Filter>
    </ClCompile>
    <ClCompile Include="CheckBox.cpp">
      <Filter>Source Files\widgets</Filter>
    </ClCompile>
    <ClCompile Include="LabelledCheckBox.cpp">
      <Filter>Source Files\widgets</Filter>
    </ClCompile>
    <ClCompile Include="TextButton.cpp">
      <Filter>Source Files\widgets</Filter>
    </ClCompile>
    <ClCompile Include="pch.cpp">
      <Filter>Source Files</Filter>
    </ClCompile>
    <ClCompile Include="AnimationManager.cpp">
      <Filter>Source Files\UI</Filter>
    </ClCompile>
    <ClCompile Include="HorizontalExpanderBar.cpp">
      <Filter>Source Files\layouts\horizontal</Filter>
    </ClCompile>
    <ClCompile Include="ProportionalSpacedList.cpp">
      <Filter>Source Files\layouts</Filter>
    </ClCompile>
    <ClCompile Include="StaticList.cpp">
      <Filter>Source Files\layouts</Filter>
    </ClCompile>
    <ClCompile Include="Keyboard.cpp">
      <Filter>Source Files\UI\eventHandlers</Filter>
    </ClCompile>
    <ClCompile Include="ProgressBar.cpp">
      <Filter>Source Files\widgets</Filter>
    </ClCompile>
    <ClCompile Include="InputController.cpp">
      <Filter>Source Files\UI</Filter>
    </ClCompile>
  </ItemGroup>
  <ItemGroup>
    <ClInclude Include="Animation.h">
      <Filter>Header Files</Filter>
    </ClInclude>
    <ClInclude Include="EText.h">
      <Filter>Header Files</Filter>
    </ClInclude>
    <ClInclude Include="Properties.h">
      <Filter>Header Files</Filter>
    </ClInclude>
    <ClInclude Include="ColouredButton.h">
      <Filter>Header Files\facades</Filter>
    </ClInclude>
    <ClInclude Include="Facade.h">
      <Filter>Header Files\facades</Filter>
    </ClInclude>
    <ClInclude Include="TreeHolder.h">
      <Filter>Header Files\pageManaging</Filter>
    </ClInclude>
    <ClInclude Include="PageSwitcher.h">
      <Filter>Header Files\pageManaging</Filter>
    </ClInclude>
    <ClInclude Include="Page.h">
      <Filter>Header Files\pageManaging</Filter>
    </ClInclude>
    <ClInclude Include="resource.h">
      <Filter>Header Files</Filter>
    </ClInclude>
    <ClInclude Include="ColouredBox.h">
      <Filter>Header Files\widgets</Filter>
    </ClInclude>
    <ClInclude Include="Label.h">
      <Filter>Header Files\widgets</Filter>
    </ClInclude>
    <ClInclude Include="TextBox.h">
      <Filter>Header Files\widgets</Filter>
    </ClInclude>
    <ClInclude Include="ETextContainer.h">
      <Filter>Header Files</Filter>
    </ClInclude>
    <ClInclude Include="EvenList.h">
      <Filter>Header Files\layouts</Filter>
    </ClInclude>
    <ClInclude Include="Scroll.h">
      <Filter>Header Files</Filter>
    </ClInclude>
    <ClInclude Include="VirtualVertical.h">
      <Filter>Header Files\layoutsVirtual</Filter>
    </ClInclude>
    <ClInclude Include="UI_DLL_Interface.h">
      <Filter>Header Files</Filter>
    </ClInclude>
    <ClInclude Include="Box.h">
      <Filter>Header Files\treeClasses</Filter>
    </ClInclude>
    <ClInclude Include="Leaf.h">
      <Filter>Header Files\treeClasses</Filter>
    </ClInclude>
    <ClInclude Include="TreeNode.h">
      <Filter>Header Files\treeClasses</Filter>
    </ClInclude>
    <ClInclude Include="Branch.h">
      <Filter>Header Files\treeClasses</Filter>
    </ClInclude>
    <ClInclude Include="InputController.h">
      <Filter>Header Files\UI</Filter>
    </ClInclude>
    <ClInclude Include="UI.h">
      <Filter>Header Files\UI</Filter>
    </ClInclude>
    <ClInclude Include="HorizontalSplitter.h">
      <Filter>Header Files\layouts\horizontal</Filter>
    </ClInclude>
    <ClInclude Include="SplitterHandle.h">
      <Filter>Header Files\layouts</Filter>
    </ClInclude>
    <ClInclude Include="SizePolicy.h">
      <Filter>Header Files\layouts</Filter>
    </ClInclude>
    <ClInclude Include="CheckBox.h">
      <Filter>Header Files\widgets</Filter>
    </ClInclude>
    <ClInclude Include="LabelledCheckBox.h">
      <Filter>Header Files\widgets</Filter>
    </ClInclude>
    <ClInclude Include="TextButton.h">
      <Filter>Header Files\widgets</Filter>
    </ClInclude>
    <ClInclude Include="pch.h">
      <Filter>Header Files</Filter>
    </ClInclude>
    <ClInclude Include="AnimationManager.h">
      <Filter>Header Files\UI</Filter>
    </ClInclude>
    <ClInclude Include="HorizontalExpanderBar.h">
      <Filter>Header Files\layouts\horizontal</Filter>
    </ClInclude>
    <ClInclude Include="Proportioned.h">
      <Filter>Header Files\layouts</Filter>
    </ClInclude>
    <ClInclude Include="VirtualBranch.h">
      <Filter>Header Files\layoutsVirtual</Filter>
    </ClInclude>
    <ClInclude Include="ProportionalSpacedList.h">
      <Filter>Header Files\layouts</Filter>
    </ClInclude>
    <ClInclude Include="LabelFluent.h">
      <Filter>Header Files\widgets\templates</Filter>
    </ClInclude>
    <ClInclude Include="InteractiveFluent.h">
      <Filter>Header Files\widgets\templates</Filter>
    </ClInclude>
    <ClInclude Include="StaticList.h">
      <Filter>Header Files\layouts</Filter>
    </ClInclude>
    <ClInclude Include="LinearListFluent.h">
      <Filter>Header Files\layouts\templates</Filter>
    </ClInclude>
    <ClInclude Include="ProgressBar.h">
      <Filter>Header Files\widgets</Filter>
    </ClInclude>
    <ClInclude Include="CallbackRegistry.h">
      <Filter>Header Files\UI</Filter>
    </ClInclude>
    <ClInclude Include="CallbackLambdaHolders.h">
      <Filter>Header Files\UI</Filter>
    </ClInclude>
    <ClInclude Include="EventType.h">
      <Filter>Header Files\UI</Filter>
    </ClInclude>
    <ClInclude Include="ReservedArea.h">
      <Filter>Header Files\widgets</Filter>
    </ClInclude>
  </ItemGroup>
  <ItemGroup>
    <Text Include="designChoices.txt" />
    <Text Include="explain.txt">
      <Filter>Header Files\facades</Filter>
    </Text>
  </ItemGroup>
  <ItemGroup>
    <None Include=".gitignore" />
    <None Include="..\TestUI\README.md" />
    <None Include="waysToUse.md">
      <Filter>Documentation</Filter>
    </None>
    <None Include="minimalApplicationSetup.md">
      <Filter>Documentation</Filter>
    </None>
  </ItemGroup>
  <ItemGroup>
    <ResourceCompile Include="UI.rc">
      <Filter>Resource Files</Filter>
    </ResourceCompile>
  </ItemGroup>
</Project>